
Microsoft Visual Studio Solution File, Format Version 12.00
# Visual Studio Version 17
VisualStudioVersion = 17.14.36202.13 d17.14
MinimumVisualStudioVersion = 10.0.40219.1
Project("{FAE04EC0-301F-11D3-BF4B-00C04F79EFBC}") = "ChatBotTwitch", "ChatBotTwitch.csproj", "{B70FECA3-AA5A-9E58-238C-EE5740ED5248}"
EndProject
Global
	GlobalSection(SolutionConfigurationPlatforms) = preSolution
		Debug|Any CPU = Debug|Any CPU
		Release|Any CPU = Release|Any CPU
	EndGlobalSection
	GlobalSection(ProjectConfigurationPlatforms) = postSolution
		{B70FECA3-AA5A-9E58-238C-EE5740ED5248}.Debug|Any CPU.ActiveCfg = Debug|Any CPU
		{B70FECA3-AA5A-9E58-238C-EE5740ED5248}.Debug|Any CPU.Build.0 = Debug|Any CPU
		{B70FECA3-AA5A-9E58-238C-EE5740ED5248}.Release|Any CPU.ActiveCfg = Release|Any CPU
		{B70FECA3-AA5A-9E58-238C-EE5740ED5248}.Release|Any CPU.Build.0 = Release|Any CPU
	EndGlobalSection
	GlobalSection(SolutionProperties) = preSolution
		HideSolutionNode = FALSE
	EndGlobalSection
	GlobalSection(ExtensibilityGlobals) = postSolution
		SolutionGuid = {54CB1363-0248-4A92-BA5A-D5CA233A6C16}
	EndGlobalSection
EndGlobal
